
Microsoft Visual Studio Solution File, Format Version 12.00
# Visual Studio Version 17
VisualStudioVersion = 17.2.32505.173
MinimumVisualStudioVersion = 10.0.40219.1
Project("{9A19103F-16F7-4668-BE54-9A1E7A4F7556}") = "VVPS.UnitTests", "VVPS.UnitTests\VVPS.UnitTests.csproj", "{90A1CD91-8DC9-41B6-A81A-729386D794CE}"
EndProject
Project("{9A19103F-16F7-4668-BE54-9A1E7A4F7556}") = "VVPS-BDJ", "VVPS-BDJ\VVPS-BDJ.csproj", "{0D76E477-0D8C-4D28-8D14-FB0573587360}"
EndProject
Project("{2150E333-8FDC-42A3-9474-1A3956D46DE8}") = "Solution Items", "Solution Items", "{9DF735C5-1ECE-4F69-9C45-D2DBF8548DA7}"
	ProjectSection(SolutionItems) = preProject
		.editorconfig = .editorconfig
	EndProjectSection
EndProject
Global
	GlobalSection(SolutionConfigurationPlatforms) = preSolution
		Debug|Any CPU = Debug|Any CPU
		Release|Any CPU = Release|Any CPU
	EndGlobalSection
	GlobalSection(ProjectConfigurationPlatforms) = postSolution
		{90A1CD91-8DC9-41B6-A81A-729386D794CE}.Debug|Any CPU.ActiveCfg = Debug|Any CPU
		{90A1CD91-8DC9-41B6-A81A-729386D794CE}.Debug|Any CPU.Build.0 = Debug|Any CPU
		{90A1CD91-8DC9-41B6-A81A-729386D794CE}.Release|Any CPU.ActiveCfg = Release|Any CPU
		{90A1CD91-8DC9-41B6-A81A-729386D794CE}.Release|Any CPU.Build.0 = Release|Any CPU
		{0D76E477-0D8C-4D28-8D14-FB0573587360}.Debug|Any CPU.ActiveCfg = Debug|Any CPU
		{0D76E477-0D8C-4D28-8D14-FB0573587360}.Debug|Any CPU.Build.0 = Debug|Any CPU
		{0D76E477-0D8C-4D28-8D14-FB0573587360}.Release|Any CPU.ActiveCfg = Release|Any CPU
		{0D76E477-0D8C-4D28-8D14-FB0573587360}.Release|Any CPU.Build.0 = Release|Any CPU
	EndGlobalSection
	GlobalSection(SolutionProperties) = preSolution
		HideSolutionNode = FALSE
	EndGlobalSection
	GlobalSection(ExtensibilityGlobals) = postSolution
		SolutionGuid = {1D06705A-D46A-4FA3-9BFB-F71007E55058}
	EndGlobalSection
EndGlobal
